// !$*UTF8*$!
{
	archiveVersion = 1;
	classes = {
	};
	objectVersion = 46;
	objects = {

/* Begin PBXBuildFile section */
		734E7DB41CC684CE005E6135 /* ICategory.swift in Sources */ = {isa = PBXBuildFile; fileRef = 734E7DB31CC684CE005E6135 /* ICategory.swift */; };
		734E7DB81CC7D53F005E6135 /* PhotosReviewAdaptor.swift in Sources */ = {isa = PBXBuildFile; fileRef = 734E7DB71CC7D53F005E6135 /* PhotosReviewAdaptor.swift */; };
		734E7DBA1CC7D68D005E6135 /* IReview.swift in Sources */ = {isa = PBXBuildFile; fileRef = 734E7DB91CC7D68D005E6135 /* IReview.swift */; };
		734E7DC21CC7DD1C005E6135 /* Category+CoreDataProperties.swift in Sources */ = {isa = PBXBuildFile; fileRef = 734E7DC01CC7DD1C005E6135 /* Category+CoreDataProperties.swift */; };
		734E7DC41CC7F43B005E6135 /* CategoryCustomize.storyboard in Resources */ = {isa = PBXBuildFile; fileRef = 734E7DC31CC7F43B005E6135 /* CategoryCustomize.storyboard */; };
		73C5A3B81CB041A200049F33 /* Category.swift in Sources */ = {isa = PBXBuildFile; fileRef = 73C5A3B21CB041A200049F33 /* Category.swift */; };
		73C5A3BB1CB041A200049F33 /* Review+CoreDataProperties.swift in Sources */ = {isa = PBXBuildFile; fileRef = 73C5A3B51CB041A200049F33 /* Review+CoreDataProperties.swift */; };
		73C5A3BC1CB041A200049F33 /* Review.swift in Sources */ = {isa = PBXBuildFile; fileRef = 73C5A3B61CB041A200049F33 /* Review.swift */; };
		73C64E251CC343A10001DC24 /* ModalCategoryViewController.swift in Sources */ = {isa = PBXBuildFile; fileRef = 73C64E241CC343A10001DC24 /* ModalCategoryViewController.swift */; };
		73C64E271CC351AE0001DC24 /* CategorySelectButton.swift in Sources */ = {isa = PBXBuildFile; fileRef = 73C64E261CC351AE0001DC24 /* CategorySelectButton.swift */; };
		73C64E291CC38F5F0001DC24 /* CategoryEditController.swift in Sources */ = {isa = PBXBuildFile; fileRef = 73C64E281CC38F5F0001DC24 /* CategoryEditController.swift */; };
		73C64E2D1CC3C0610001DC24 /* CategoryButton.swift in Sources */ = {isa = PBXBuildFile; fileRef = 73C64E2C1CC3C0610001DC24 /* CategoryButton.swift */; };
		73C64E301CC3CDD60001DC24 /* Main.storyboard in Resources */ = {isa = PBXBuildFile; fileRef = 73C64E2E1CC3CDD60001DC24 /* Main.storyboard */; };
		73E58D961CD5DD7D00D41ECF /* ReviewLabel.swift in Sources */ = {isa = PBXBuildFile; fileRef = 73E58D951CD5DD7D00D41ECF /* ReviewLabel.swift */; };
		73E58D981CD5E7CC00D41ECF /* ReviewDetailController.swift in Sources */ = {isa = PBXBuildFile; fileRef = 73E58D971CD5E7CC00D41ECF /* ReviewDetailController.swift */; };
		73E8E6021CAFDAFD004ECE1B /* AppDelegate.swift in Sources */ = {isa = PBXBuildFile; fileRef = 73E8E6011CAFDAFD004ECE1B /* AppDelegate.swift */; };
		73E8E60A1CAFDAFD004ECE1B /* PhotosReview.xcdatamodeld in Sources */ = {isa = PBXBuildFile; fileRef = 73E8E6081CAFDAFD004ECE1B /* PhotosReview.xcdatamodeld */; };
		73E8E60C1CAFDAFD004ECE1B /* Assets.xcassets in Resources */ = {isa = PBXBuildFile; fileRef = 73E8E60B1CAFDAFD004ECE1B /* Assets.xcassets */; };
		73E8E60F1CAFDAFD004ECE1B /* LaunchScreen.storyboard in Resources */ = {isa = PBXBuildFile; fileRef = 73E8E60D1CAFDAFD004ECE1B /* LaunchScreen.storyboard */; };
		73E8E6191CAFDC7D004ECE1B /* ReviewController.swift in Sources */ = {isa = PBXBuildFile; fileRef = 73E8E6181CAFDC7D004ECE1B /* ReviewController.swift */; };
		73E8E61B1CAFDCDE004ECE1B /* SearchReviewController.swift in Sources */ = {isa = PBXBuildFile; fileRef = 73E8E61A1CAFDCDE004ECE1B /* SearchReviewController.swift */; };
		73EE32181CD11F8F00A4B8A0 /* photoReviewCell.swift in Sources */ = {isa = PBXBuildFile; fileRef = 73EE32171CD11F8F00A4B8A0 /* photoReviewCell.swift */; };
		73FA87951CC92F5A00701F05 /* CategoryCustomizeController.swift in Sources */ = {isa = PBXBuildFile; fileRef = 73FA87941CC92F5A00701F05 /* CategoryCustomizeController.swift */; };
/* End PBXBuildFile section */

/* Begin PBXFileReference section */
		734E7DB31CC684CE005E6135 /* ICategory.swift */ = {isa = PBXFileReference; fileEncoding = 4; lastKnownFileType = sourcecode.swift; path = ICategory.swift; sourceTree = "<group>"; };
		734E7DB71CC7D53F005E6135 /* PhotosReviewAdaptor.swift */ = {isa = PBXFileReference; fileEncoding = 4; lastKnownFileType = sourcecode.swift; path = PhotosReviewAdaptor.swift; sourceTree = "<group>"; };
		734E7DB91CC7D68D005E6135 /* IReview.swift */ = {isa = PBXFileReference; fileEncoding = 4; lastKnownFileType = sourcecode.swift; path = IReview.swift; sourceTree = "<group>"; };
		734E7DC01CC7DD1C005E6135 /* Category+CoreDataProperties.swift */ = {isa = PBXFileReference; fileEncoding = 4; lastKnownFileType = sourcecode.swift; name = "Category+CoreDataProperties.swift"; path = "../Category+CoreDataProperties.swift"; sourceTree = "<group>"; };
		734E7DC31CC7F43B005E6135 /* CategoryCustomize.storyboard */ = {isa = PBXFileReference; fileEncoding = 4; lastKnownFileType = file.storyboard; path = CategoryCustomize.storyboard; sourceTree = "<group>"; };
		73C5A3B21CB041A200049F33 /* Category.swift */ = {isa = PBXFileReference; fileEncoding = 4; lastKnownFileType = sourcecode.swift; name = Category.swift; path = ../Category.swift; sourceTree = "<group>"; };
		73C5A3B51CB041A200049F33 /* Review+CoreDataProperties.swift */ = {isa = PBXFileReference; fileEncoding = 4; lastKnownFileType = sourcecode.swift; name = "Review+CoreDataProperties.swift"; path = "../Review+CoreDataProperties.swift"; sourceTree = "<group>"; };
		73C5A3B61CB041A200049F33 /* Review.swift */ = {isa = PBXFileReference; fileEncoding = 4; lastKnownFileType = sourcecode.swift; name = Review.swift; path = ../Review.swift; sourceTree = "<group>"; };
		73C64E241CC343A10001DC24 /* ModalCategoryViewController.swift */ = {isa = PBXFileReference; fileEncoding = 4; lastKnownFileType = sourcecode.swift; path = ModalCategoryViewController.swift; sourceTree = "<group>"; };
		73C64E261CC351AE0001DC24 /* CategorySelectButton.swift */ = {isa = PBXFileReference; fileEncoding = 4; lastKnownFileType = sourcecode.swift; path = CategorySelectButton.swift; sourceTree = "<group>"; };
		73C64E281CC38F5F0001DC24 /* CategoryEditController.swift */ = {isa = PBXFileReference; fileEncoding = 4; lastKnownFileType = sourcecode.swift; path = CategoryEditController.swift; sourceTree = "<group>"; };
		73C64E2C1CC3C0610001DC24 /* CategoryButton.swift */ = {isa = PBXFileReference; fileEncoding = 4; lastKnownFileType = sourcecode.swift; path = CategoryButton.swift; sourceTree = "<group>"; };
		73C64E2F1CC3CDD60001DC24 /* Base */ = {isa = PBXFileReference; lastKnownFileType = file.storyboard; name = Base; path = Base.lproj/Main.storyboard; sourceTree = "<group>"; };
		73E58D951CD5DD7D00D41ECF /* ReviewLabel.swift */ = {isa = PBXFileReference; fileEncoding = 4; lastKnownFileType = sourcecode.swift; path = ReviewLabel.swift; sourceTree = "<group>"; };
		73E58D971CD5E7CC00D41ECF /* ReviewDetailController.swift */ = {isa = PBXFileReference; fileEncoding = 4; lastKnownFileType = sourcecode.swift; path = ReviewDetailController.swift; sourceTree = "<group>"; };
		73E8E5FE1CAFDAFD004ECE1B /* PhotosReview.app */ = {isa = PBXFileReference; explicitFileType = wrapper.application; includeInIndex = 0; path = PhotosReview.app; sourceTree = BUILT_PRODUCTS_DIR; };
		73E8E6011CAFDAFD004ECE1B /* AppDelegate.swift */ = {isa = PBXFileReference; lastKnownFileType = sourcecode.swift; path = AppDelegate.swift; sourceTree = "<group>"; };
		73E8E6091CAFDAFD004ECE1B /* PhotosReview.xcdatamodel */ = {isa = PBXFileReference; lastKnownFileType = wrapper.xcdatamodel; path = PhotosReview.xcdatamodel; sourceTree = "<group>"; };
		73E8E60B1CAFDAFD004ECE1B /* Assets.xcassets */ = {isa = PBXFileReference; lastKnownFileType = folder.assetcatalog; path = Assets.xcassets; sourceTree = "<group>"; };
		73E8E60E1CAFDAFD004ECE1B /* Base */ = {isa = PBXFileReference; lastKnownFileType = file.storyboard; name = Base; path = Base.lproj/LaunchScreen.storyboard; sourceTree = "<group>"; };
		73E8E6101CAFDAFD004ECE1B /* Info.plist */ = {isa = PBXFileReference; lastKnownFileType = text.plist.xml; path = Info.plist; sourceTree = "<group>"; };
		73E8E6181CAFDC7D004ECE1B /* ReviewController.swift */ = {isa = PBXFileReference; fileEncoding = 4; lastKnownFileType = sourcecode.swift; path = ReviewController.swift; sourceTree = "<group>"; };
		73E8E61A1CAFDCDE004ECE1B /* SearchReviewController.swift */ = {isa = PBXFileReference; fileEncoding = 4; lastKnownFileType = sourcecode.swift; path = SearchReviewController.swift; sourceTree = "<group>"; };
		73EE32171CD11F8F00A4B8A0 /* photoReviewCell.swift */ = {isa = PBXFileReference; fileEncoding = 4; lastKnownFileType = sourcecode.swift; path = photoReviewCell.swift; sourceTree = "<group>"; };
		73FA87941CC92F5A00701F05 /* CategoryCustomizeController.swift */ = {isa = PBXFileReference; fileEncoding = 4; lastKnownFileType = sourcecode.swift; path = CategoryCustomizeController.swift; sourceTree = "<group>"; };
/* End PBXFileReference section */

/* Begin PBXFrameworksBuildPhase section */
		73E8E5FB1CAFDAFD004ECE1B /* Frameworks */ = {
			isa = PBXFrameworksBuildPhase;
			buildActionMask = 2147483647;
			files = (
			);
			runOnlyForDeploymentPostprocessing = 0;
		};
/* End PBXFrameworksBuildPhase section */

/* Begin PBXGroup section */
		734E7DB21CC684A2005E6135 /* Interface */ = {
			isa = PBXGroup;
			children = (
				734E7DB51CC7D2E2005E6135 /* CoreData */,
			);
			name = Interface;
			sourceTree = "<group>";
		};
		734E7DB51CC7D2E2005E6135 /* CoreData */ = {
			isa = PBXGroup;
			children = (
				734E7DB31CC684CE005E6135 /* ICategory.swift */,
				734E7DB91CC7D68D005E6135 /* IReview.swift */,
			);
			name = CoreData;
			sourceTree = "<group>";
		};
		73C5A3A81CB0154100049F33 /* Model */ = {
			isa = PBXGroup;
			children = (
				734E7DB71CC7D53F005E6135 /* PhotosReviewAdaptor.swift */,
				73E8E6081CAFDAFD004ECE1B /* PhotosReview.xcdatamodeld */,
			);
			name = Model;
			sourceTree = "<group>";
		};
		73C5A3A91CB0155000049F33 /* View */ = {
			isa = PBXGroup;
			children = (
				73C64E2E1CC3CDD60001DC24 /* Main.storyboard */,
				73E8E60D1CAFDAFD004ECE1B /* LaunchScreen.storyboard */,
				734E7DC31CC7F43B005E6135 /* CategoryCustomize.storyboard */,
			);
			name = View;
			sourceTree = "<group>";
		};
		73C5A3AA1CB0155600049F33 /* Controller */ = {
			isa = PBXGroup;
			children = (
				73E8E6181CAFDC7D004ECE1B /* ReviewController.swift */,
				73E8E61A1CAFDCDE004ECE1B /* SearchReviewController.swift */,
				73C64E241CC343A10001DC24 /* ModalCategoryViewController.swift */,
				73C64E281CC38F5F0001DC24 /* CategoryEditController.swift */,
				73FA87941CC92F5A00701F05 /* CategoryCustomizeController.swift */,
				73E58D971CD5E7CC00D41ECF /* ReviewDetailController.swift */,
			);
			name = Controller;
			sourceTree = "<group>";
		};
		73C5A3AB1CB0158C00049F33 /* Resources */ = {
			isa = PBXGroup;
			children = (
				73E8E60B1CAFDAFD004ECE1B /* Assets.xcassets */,
			);
			name = Resources;
			sourceTree = "<group>";
		};
		73C5A3AC1CB015BD00049F33 /* Components */ = {
			isa = PBXGroup;
			children = (
				73E58D951CD5DD7D00D41ECF /* ReviewLabel.swift */,
				73EE32171CD11F8F00A4B8A0 /* photoReviewCell.swift */,
				73C64E261CC351AE0001DC24 /* CategorySelectButton.swift */,
				73C64E2C1CC3C0610001DC24 /* CategoryButton.swift */,
			);
			name = Components;
			sourceTree = "<group>";
		};
		73C5A3AD1CB015E000049F33 /* Config */ = {
			isa = PBXGroup;
			children = (
				73E8E6101CAFDAFD004ECE1B /* Info.plist */,
			);
			name = Config;
			sourceTree = "<group>";
		};
		73C5A3AE1CB03EB400049F33 /* Entity */ = {
			isa = PBXGroup;
			children = (
				73C5A3B61CB041A200049F33 /* Review.swift */,
				73C5A3B51CB041A200049F33 /* Review+CoreDataProperties.swift */,
				73C5A3B21CB041A200049F33 /* Category.swift */,
				734E7DC01CC7DD1C005E6135 /* Category+CoreDataProperties.swift */,
			);
			name = Entity;
			sourceTree = "<group>";
		};
		73E8E5F51CAFDAFD004ECE1B = {
			isa = PBXGroup;
			children = (
				73E8E6001CAFDAFD004ECE1B /* PhotosReview */,
				73E8E5FF1CAFDAFD004ECE1B /* Products */,
			);
			sourceTree = "<group>";
		};
		73E8E5FF1CAFDAFD004ECE1B /* Products */ = {
			isa = PBXGroup;
			children = (
				73E8E5FE1CAFDAFD004ECE1B /* PhotosReview.app */,
			);
			name = Products;
			sourceTree = "<group>";
		};
		73E8E6001CAFDAFD004ECE1B /* PhotosReview */ = {
			isa = PBXGroup;
			children = (
				73E8E6011CAFDAFD004ECE1B /* AppDelegate.swift */,
				734E7DB21CC684A2005E6135 /* Interface */,
				73C5A3AE1CB03EB400049F33 /* Entity */,
				73C5A3AD1CB015E000049F33 /* Config */,
				73C5A3AC1CB015BD00049F33 /* Components */,
				73C5A3AB1CB0158C00049F33 /* Resources */,
				73C5A3A81CB0154100049F33 /* Model */,
				73C5A3A91CB0155000049F33 /* View */,
				73C5A3AA1CB0155600049F33 /* Controller */,
			);
			path = PhotosReview;
			sourceTree = "<group>";
		};
/* End PBXGroup section */

/* Begin PBXNativeTarget section */
		73E8E5FD1CAFDAFD004ECE1B /* PhotosReview */ = {
			isa = PBXNativeTarget;
			buildConfigurationList = 73E8E6131CAFDAFD004ECE1B /* Build configuration list for PBXNativeTarget "PhotosReview" */;
			buildPhases = (
				73E8E5FA1CAFDAFD004ECE1B /* Sources */,
				73E8E5FB1CAFDAFD004ECE1B /* Frameworks */,
				73E8E5FC1CAFDAFD004ECE1B /* Resources */,
			);
			buildRules = (
			);
			dependencies = (
			);
			name = PhotosReview;
			productName = PhotosReview;
			productReference = 73E8E5FE1CAFDAFD004ECE1B /* PhotosReview.app */;
			productType = "com.apple.product-type.application";
		};
/* End PBXNativeTarget section */

/* Begin PBXProject section */
		73E8E5F61CAFDAFD004ECE1B /* Project object */ = {
			isa = PBXProject;
			attributes = {
				LastSwiftUpdateCheck = 0720;
				LastUpgradeCheck = 0720;
				ORGANIZATIONNAME = privateTakashi;
				TargetAttributes = {
					73E8E5FD1CAFDAFD004ECE1B = {
						CreatedOnToolsVersion = 7.2.1;
						DevelopmentTeam = 568EA466ZS;
					};
				};
			};
			buildConfigurationList = 73E8E5F91CAFDAFD004ECE1B /* Build configuration list for PBXProject "PhotosReview" */;
			compatibilityVersion = "Xcode 3.2";
			developmentRegion = English;
			hasScannedForEncodings = 0;
			knownRegions = (
				en,
				Base,
			);
			mainGroup = 73E8E5F51CAFDAFD004ECE1B;
			productRefGroup = 73E8E5FF1CAFDAFD004ECE1B /* Products */;
			projectDirPath = "";
			projectRoot = "";
			targets = (
				73E8E5FD1CAFDAFD004ECE1B /* PhotosReview */,
			);
		};
/* End PBXProject section */

/* Begin PBXResourcesBuildPhase section */
		73E8E5FC1CAFDAFD004ECE1B /* Resources */ = {
			isa = PBXResourcesBuildPhase;
			buildActionMask = 2147483647;
			files = (
				734E7DC41CC7F43B005E6135 /* CategoryCustomize.storyboard in Resources */,
				73C64E301CC3CDD60001DC24 /* Main.storyboard in Resources */,
				73E8E60F1CAFDAFD004ECE1B /* LaunchScreen.storyboard in Resources */,
				73E8E60C1CAFDAFD004ECE1B /* Assets.xcassets in Resources */,
			);
			runOnlyForDeploymentPostprocessing = 0;
		};
/* End PBXResourcesBuildPhase section */

/* Begin PBXSourcesBuildPhase section */
		73E8E5FA1CAFDAFD004ECE1B /* Sources */ = {
			isa = PBXSourcesBuildPhase;
			buildActionMask = 2147483647;
			files = (
				73C64E251CC343A10001DC24 /* ModalCategoryViewController.swift in Sources */,
				734E7DB41CC684CE005E6135 /* ICategory.swift in Sources */,
				734E7DBA1CC7D68D005E6135 /* IReview.swift in Sources */,
				73FA87951CC92F5A00701F05 /* CategoryCustomizeController.swift in Sources */,
				73E58D981CD5E7CC00D41ECF /* ReviewDetailController.swift in Sources */,
				73E8E60A1CAFDAFD004ECE1B /* PhotosReview.xcdatamodeld in Sources */,
				73E8E6191CAFDC7D004ECE1B /* ReviewController.swift in Sources */,
				73EE32181CD11F8F00A4B8A0 /* photoReviewCell.swift in Sources */,
				73C64E291CC38F5F0001DC24 /* CategoryEditController.swift in Sources */,
				73E58D961CD5DD7D00D41ECF /* ReviewLabel.swift in Sources */,
				73C5A3BB1CB041A200049F33 /* Review+CoreDataProperties.swift in Sources */,
				734E7DC21CC7DD1C005E6135 /* Category+CoreDataProperties.swift in Sources */,
				73C5A3BC1CB041A200049F33 /* Review.swift in Sources */,
				73C64E2D1CC3C0610001DC24 /* CategoryButton.swift in Sources */,
				73E8E6021CAFDAFD004ECE1B /* AppDelegate.swift in Sources */,
				73C64E271CC351AE0001DC24 /* CategorySelectButton.swift in Sources */,
				73E8E61B1CAFDCDE004ECE1B /* SearchReviewController.swift in Sources */,
				734E7DB81CC7D53F005E6135 /* PhotosReviewAdaptor.swift in Sources */,
				73C5A3B81CB041A200049F33 /* Category.swift in Sources */,
			);
			runOnlyForDeploymentPostprocessing = 0;
		};
/* End PBXSourcesBuildPhase section */

/* Begin PBXVariantGroup section */
		73C64E2E1CC3CDD60001DC24 /* Main.storyboard */ = {
			isa = PBXVariantGroup;
			children = (
				73C64E2F1CC3CDD60001DC24 /* Base */,
			);
			name = Main.storyboard;
			sourceTree = "<group>";
		};
		73E8E60D1CAFDAFD004ECE1B /* LaunchScreen.storyboard */ = {
			isa = PBXVariantGroup;
			children = (
				73E8E60E1CAFDAFD004ECE1B /* Base */,
			);
			name = LaunchScreen.storyboard;
			sourceTree = "<group>";
		};
/* End PBXVariantGroup section */

/* Begin XCBuildConfiguration section */
		73E8E6111CAFDAFD004ECE1B /* Debug */ = {
			isa = XCBuildConfiguration;
			buildSettings = {
				ALWAYS_SEARCH_USER_PATHS = NO;
				CLANG_CXX_LANGUAGE_STANDARD = "gnu++0x";
				CLANG_CXX_LIBRARY = "libc++";
				CLANG_ENABLE_MODULES = YES;
				CLANG_ENABLE_OBJC_ARC = YES;
				CLANG_WARN_BOOL_CONVERSION = YES;
				CLANG_WARN_CONSTANT_CONVERSION = YES;
				CLANG_WARN_DIRECT_OBJC_ISA_USAGE = YES_ERROR;
				CLANG_WARN_EMPTY_BODY = YES;
				CLANG_WARN_ENUM_CONVERSION = YES;
				CLANG_WARN_INT_CONVERSION = YES;
				CLANG_WARN_OBJC_ROOT_CLASS = YES_ERROR;
				CLANG_WARN_UNREACHABLE_CODE = YES;
				CLANG_WARN__DUPLICATE_METHOD_MATCH = YES;
				"CODE_SIGN_IDENTITY[sdk=iphoneos*]" = "iPhone Developer";
				COPY_PHASE_STRIP = NO;
				DEBUG_INFORMATION_FORMAT = dwarf;
				ENABLE_STRICT_OBJC_MSGSEND = YES;
				ENABLE_TESTABILITY = YES;
				GCC_C_LANGUAGE_STANDARD = gnu99;
				GCC_DYNAMIC_NO_PIC = NO;
				GCC_NO_COMMON_BLOCKS = YES;
				GCC_OPTIMIZATION_LEVEL = 0;
				GCC_PREPROCESSOR_DEFINITIONS = (
					"DEBUG=1",
					"$(inherited)",
				);
				GCC_WARN_64_TO_32_BIT_CONVERSION = YES;
				GCC_WARN_ABOUT_RETURN_TYPE = YES_ERROR;
				GCC_WARN_UNDECLARED_SELECTOR = YES;
				GCC_WARN_UNINITIALIZED_AUTOS = YES_AGGRESSIVE;
				GCC_WARN_UNUSED_FUNCTION = YES;
				GCC_WARN_UNUSED_VARIABLE = YES;
				IPHONEOS_DEPLOYMENT_TARGET = 9.2;
				MTL_ENABLE_DEBUG_INFO = YES;
				ONLY_ACTIVE_ARCH = YES;
				SDKROOT = iphoneos;
				SWIFT_OPTIMIZATION_LEVEL = "-Onone";
				TARGETED_DEVICE_FAMILY = "1,2";
			};
			name = Debug;
		};
		73E8E6121CAFDAFD004ECE1B /* Release */ = {
			isa = XCBuildConfiguration;
			buildSettings = {
				ALWAYS_SEARCH_USER_PATHS = NO;
				CLANG_CXX_LANGUAGE_STANDARD = "gnu++0x";
				CLANG_CXX_LIBRARY = "libc++";
				CLANG_ENABLE_MODULES = YES;
				CLANG_ENABLE_OBJC_ARC = YES;
				CLANG_WARN_BOOL_CONVERSION = YES;
				CLANG_WARN_CONSTANT_CONVERSION = YES;
				CLANG_WARN_DIRECT_OBJC_ISA_USAGE = YES_ERROR;
				CLANG_WARN_EMPTY_BODY = YES;
				CLANG_WARN_ENUM_CONVERSION = YES;
				CLANG_WARN_INT_CONVERSION = YES;
				CLANG_WARN_OBJC_ROOT_CLASS = YES_ERROR;
				CLANG_WARN_UNREACHABLE_CODE = YES;
				CLANG_WARN__DUPLICATE_METHOD_MATCH = YES;
				"CODE_SIGN_IDENTITY[sdk=iphoneos*]" = "iPhone Developer";
				COPY_PHASE_STRIP = NO;
				DEBUG_INFORMATION_FORMAT = "dwarf-with-dsym";
				ENABLE_NS_ASSERTIONS = NO;
				ENABLE_STRICT_OBJC_MSGSEND = YES;
				GCC_C_LANGUAGE_STANDARD = gnu99;
				GCC_NO_COMMON_BLOCKS = YES;
				GCC_WARN_64_TO_32_BIT_CONVERSION = YES;
				GCC_WARN_ABOUT_RETURN_TYPE = YES_ERROR;
				GCC_WARN_UNDECLARED_SELECTOR = YES;
				GCC_WARN_UNINITIALIZED_AUTOS = YES_AGGRESSIVE;
				GCC_WARN_UNUSED_FUNCTION = YES;
				GCC_WARN_UNUSED_VARIABLE = YES;
				IPHONEOS_DEPLOYMENT_TARGET = 9.2;
				MTL_ENABLE_DEBUG_INFO = NO;
				SDKROOT = iphoneos;
				TARGETED_DEVICE_FAMILY = "1,2";
				VALIDATE_PRODUCT = YES;
			};
			name = Release;
		};
		73E8E6141CAFDAFD004ECE1B /* Debug */ = {
			isa = XCBuildConfiguration;
			buildSettings = {
				ASSETCATALOG_COMPILER_APPICON_NAME = AppIcon;
				CODE_SIGN_IDENTITY = "iPhone Developer";
				"CODE_SIGN_IDENTITY[sdk=iphoneos*]" = "iPhone Developer";
				INFOPLIST_FILE = PhotosReview/Info.plist;
				LD_RUNPATH_SEARCH_PATHS = "$(inherited) @executable_path/Frameworks";
				PRODUCT_BUNDLE_IDENTIFIER = com.privateTakashi.PhotosReview;
				PRODUCT_NAME = "$(TARGET_NAME)";
				PROVISIONING_PROFILE = "";
			};
			name = Debug;
		};
		73E8E6151CAFDAFD004ECE1B /* Release */ = {
			isa = XCBuildConfiguration;
			buildSettings = {
				ASSETCATALOG_COMPILER_APPICON_NAME = AppIcon;
				CODE_SIGN_IDENTITY = "iPhone Developer";
				"CODE_SIGN_IDENTITY[sdk=iphoneos*]" = "iPhone Developer";
				INFOPLIST_FILE = PhotosReview/Info.plist;
				LD_RUNPATH_SEARCH_PATHS = "$(inherited) @executable_path/Frameworks";
				PRODUCT_BUNDLE_IDENTIFIER = com.privateTakashi.PhotosReview;
				PRODUCT_NAME = "$(TARGET_NAME)";
				PROVISIONING_PROFILE = "";
			};
			name = Release;
		};
/* End XCBuildConfiguration section */

/* Begin XCConfigurationList section */
		73E8E5F91CAFDAFD004ECE1B /* Build configuration list for PBXProject "PhotosReview" */ = {
			isa = XCConfigurationList;
			buildConfigurations = (
				73E8E6111CAFDAFD004ECE1B /* Debug */,
				73E8E6121CAFDAFD004ECE1B /* Release */,
			);
			defaultConfigurationIsVisible = 0;
			defaultConfigurationName = Release;
		};
		73E8E6131CAFDAFD004ECE1B /* Build configuration list for PBXNativeTarget "PhotosReview" */ = {
			isa = XCConfigurationList;
			buildConfigurations = (
				73E8E6141CAFDAFD004ECE1B /* Debug */,
				73E8E6151CAFDAFD004ECE1B /* Release */,
			);
			defaultConfigurationIsVisible = 0;
			defaultConfigurationName = Release;
		};
/* End XCConfigurationList section */

/* Begin XCVersionGroup section */
		73E8E6081CAFDAFD004ECE1B /* PhotosReview.xcdatamodeld */ = {
			isa = XCVersionGroup;
			children = (
				73E8E6091CAFDAFD004ECE1B /* PhotosReview.xcdatamodel */,
			);
			currentVersion = 73E8E6091CAFDAFD004ECE1B /* PhotosReview.xcdatamodel */;
			path = PhotosReview.xcdatamodeld;
			sourceTree = "<group>";
			versionGroupType = wrapper.xcdatamodel;
		};
/* End XCVersionGroup section */
	};
	rootObject = 73E8E5F61CAFDAFD004ECE1B /* Project object */;
}
